
Microsoft Visual Studio Solution File, Format Version 12.00
# Visual Studio Version 17
VisualStudioVersion = 17.8.34330.188
MinimumVisualStudioVersion = 10.0.40219.1
Project("{FAE04EC0-301F-11D3-BF4B-00C04F79EFBC}") = "dot-note", "dot-note\dot-note.csproj", "{D823FC39-E4B3-4669-AD3A-78DD1E5CFC4A}"
EndProject
Global
	GlobalSection(SolutionConfigurationPlatforms) = preSolution
		Debug|Any CPU = Debug|Any CPU
		Release|Any CPU = Release|Any CPU
	EndGlobalSection
	GlobalSection(ProjectConfigurationPlatforms) = postSolution
		{D823FC39-E4B3-4669-AD3A-78DD1E5CFC4A}.Debug|Any CPU.ActiveCfg = Debug|Any CPU
		{D823FC39-E4B3-4669-AD3A-78DD1E5CFC4A}.Debug|Any CPU.Build.0 = Debug|Any CPU
		{D823FC39-E4B3-4669-AD3A-78DD1E5CFC4A}.Release|Any CPU.ActiveCfg = Release|Any CPU
		{D823FC39-E4B3-4669-AD3A-78DD1E5CFC4A}.Release|Any CPU.Build.0 = Release|Any CPU
	EndGlobalSection
	GlobalSection(SolutionProperties) = preSolution
		HideSolutionNode = FALSE
	EndGlobalSection
	GlobalSection(ExtensibilityGlobals) = postSolution
		SolutionGuid = {306FE660-46CF-4F39-A992-BA16808CBA7C}
	EndGlobalSection
EndGlobal
